
Microsoft Visual Studio Solution File, Format Version 12.00
# Visual Studio Version 17
VisualStudioVersion = 17.11.35327.3
MinimumVisualStudioVersion = 10.0.40219.1
Project("{F184B08F-C81C-45F6-A57F-5ABD9991F28F}") = "numeropar.impar", "numeropar.impar\numeropar.impar.vbproj", "{FD415774-5DA6-47B2-87BB-5F87196DC759}"
EndProject
Global
	GlobalSection(SolutionConfigurationPlatforms) = preSolution
		Debug|Any CPU = Debug|Any CPU
		Release|Any CPU = Release|Any CPU
	EndGlobalSection
	GlobalSection(ProjectConfigurationPlatforms) = postSolution
		{FD415774-5DA6-47B2-87BB-5F87196DC759}.Debug|Any CPU.ActiveCfg = Debug|Any CPU
		{FD415774-5DA6-47B2-87BB-5F87196DC759}.Debug|Any CPU.Build.0 = Debug|Any CPU
		{FD415774-5DA6-47B2-87BB-5F87196DC759}.Release|Any CPU.ActiveCfg = Release|Any CPU
		{FD415774-5DA6-47B2-87BB-5F87196DC759}.Release|Any CPU.Build.0 = Release|Any CPU
	EndGlobalSection
	GlobalSection(SolutionProperties) = preSolution
		HideSolutionNode = FALSE
	EndGlobalSection
	GlobalSection(ExtensibilityGlobals) = postSolution
		SolutionGuid = {71353C8D-2CC6-44CB-9581-28D11F0EA7EF}
	EndGlobalSection
EndGlobal
